
Microsoft Visual Studio Solution File, Format Version 12.00
# Visual Studio 15
VisualStudioVersion = 15.0.27130.2027
MinimumVisualStudioVersion = 10.0.40219.1
Project("{FAE04EC0-301F-11D3-BF4B-00C04F79EFBC}") = "DoxygenEditor", "DoxygenEditor\DoxygenEditor.csproj", "{70A53966-525E-4F6D-AA1C-229B428F2A98}"
EndProject
Project("{FAE04EC0-301F-11D3-BF4B-00C04F79EFBC}") = "DoxygenParsers", "DoxygenParsers\DoxygenParsers.csproj", "{3FCFB7F9-107F-432F-AA9F-09C64EEDC1A8}"
EndProject
Project("{FAE04EC0-301F-11D3-BF4B-00C04F79EFBC}") = "UnitTests", "DoxygenEditorUnitTest\UnitTests.csproj", "{A9D2ED79-163A-4C6C-80C9-C6FB799FB19F}"
EndProject
Project("{FAE04EC0-301F-11D3-BF4B-00C04F79EFBC}") = "FSMLexing", "FSMLexing\FSMLexing.csproj", "{F0640C02-3BBE-4381-8F15-9062DD910B2E}"
EndProject
Global
	GlobalSection(SolutionConfigurationPlatforms) = preSolution
		Debug|x64 = Debug|x64
		Release|x64 = Release|x64
	EndGlobalSection
	GlobalSection(ProjectConfigurationPlatforms) = postSolution
		{70A53966-525E-4F6D-AA1C-229B428F2A98}.Debug|x64.ActiveCfg = Debug|x64
		{70A53966-525E-4F6D-AA1C-229B428F2A98}.Debug|x64.Build.0 = Debug|x64
		{70A53966-525E-4F6D-AA1C-229B428F2A98}.Release|x64.ActiveCfg = Release|x64
		{70A53966-525E-4F6D-AA1C-229B428F2A98}.Release|x64.Build.0 = Release|x64
		{3FCFB7F9-107F-432F-AA9F-09C64EEDC1A8}.Debug|x64.ActiveCfg = Debug|x64
		{3FCFB7F9-107F-432F-AA9F-09C64EEDC1A8}.Debug|x64.Build.0 = Debug|x64
		{3FCFB7F9-107F-432F-AA9F-09C64EEDC1A8}.Release|x64.ActiveCfg = Release|x64
		{3FCFB7F9-107F-432F-AA9F-09C64EEDC1A8}.Release|x64.Build.0 = Release|x64
		{A9D2ED79-163A-4C6C-80C9-C6FB799FB19F}.Debug|x64.ActiveCfg = Debug|x64
		{A9D2ED79-163A-4C6C-80C9-C6FB799FB19F}.Debug|x64.Build.0 = Debug|x64
		{A9D2ED79-163A-4C6C-80C9-C6FB799FB19F}.Release|x64.ActiveCfg = Release|x64
		{A9D2ED79-163A-4C6C-80C9-C6FB799FB19F}.Release|x64.Build.0 = Release|x64
		{F0640C02-3BBE-4381-8F15-9062DD910B2E}.Debug|x64.ActiveCfg = Debug|x64
		{F0640C02-3BBE-4381-8F15-9062DD910B2E}.Debug|x64.Build.0 = Debug|x64
		{F0640C02-3BBE-4381-8F15-9062DD910B2E}.Release|x64.ActiveCfg = Release|x64
		{F0640C02-3BBE-4381-8F15-9062DD910B2E}.Release|x64.Build.0 = Release|x64
	EndGlobalSection
	GlobalSection(SolutionProperties) = preSolution
		HideSolutionNode = FALSE
	EndGlobalSection
	GlobalSection(ExtensibilityGlobals) = postSolution
		SolutionGuid = {1A4C51AE-5F2F-43EE-8639-C6FDEB31B3C6}
	EndGlobalSection
	GlobalSection(Performance) = preSolution
		HasPerformanceSessions = true
	EndGlobalSection
EndGlobal
